
Microsoft Visual Studio Solution File, Format Version 12.00
# Visual Studio Version 16
VisualStudioVersion = 16.0.30114.105
MinimumVisualStudioVersion = 10.0.40219.1
Project("{FAE04EC0-301F-11D3-BF4B-00C04F79EFBC}") = "API", "API\API.csproj", "{49CA92C6-9329-4486-9B01-C151436F5969}"
EndProject
Project("{FAE04EC0-301F-11D3-BF4B-00C04F79EFBC}") = "Core", "Core\Core.csproj", "{82BD67DA-2EC7-4F5F-8F27-24163C46A92B}"
EndProject
Project("{FAE04EC0-301F-11D3-BF4B-00C04F79EFBC}") = "Infrastructure", "Infrastructure\Infrastructure.csproj", "{C50FAA31-8F5A-4DF8-8E24-EF358B8652CF}"
EndProject
Global
	GlobalSection(SolutionConfigurationPlatforms) = preSolution
		Debug|Any CPU = Debug|Any CPU
		Debug|x64 = Debug|x64
		Debug|x86 = Debug|x86
		Release|Any CPU = Release|Any CPU
		Release|x64 = Release|x64
		Release|x86 = Release|x86
	EndGlobalSection
	GlobalSection(SolutionProperties) = preSolution
		HideSolutionNode = FALSE
	EndGlobalSection
	GlobalSection(ProjectConfigurationPlatforms) = postSolution
		{49CA92C6-9329-4486-9B01-C151436F5969}.Debug|Any CPU.ActiveCfg = Debug|Any CPU
		{49CA92C6-9329-4486-9B01-C151436F5969}.Debug|Any CPU.Build.0 = Debug|Any CPU
		{49CA92C6-9329-4486-9B01-C151436F5969}.Debug|x64.ActiveCfg = Debug|Any CPU
		{49CA92C6-9329-4486-9B01-C151436F5969}.Debug|x64.Build.0 = Debug|Any CPU
		{49CA92C6-9329-4486-9B01-C151436F5969}.Debug|x86.ActiveCfg = Debug|Any CPU
		{49CA92C6-9329-4486-9B01-C151436F5969}.Debug|x86.Build.0 = Debug|Any CPU
		{49CA92C6-9329-4486-9B01-C151436F5969}.Release|Any CPU.ActiveCfg = Release|Any CPU
		{49CA92C6-9329-4486-9B01-C151436F5969}.Release|Any CPU.Build.0 = Release|Any CPU
		{49CA92C6-9329-4486-9B01-C151436F5969}.Release|x64.ActiveCfg = Release|Any CPU
		{49CA92C6-9329-4486-9B01-C151436F5969}.Release|x64.Build.0 = Release|Any CPU
		{49CA92C6-9329-4486-9B01-C151436F5969}.Release|x86.ActiveCfg = Release|Any CPU
		{49CA92C6-9329-4486-9B01-C151436F5969}.Release|x86.Build.0 = Release|Any CPU
		{82BD67DA-2EC7-4F5F-8F27-24163C46A92B}.Debug|Any CPU.ActiveCfg = Debug|Any CPU
		{82BD67DA-2EC7-4F5F-8F27-24163C46A92B}.Debug|Any CPU.Build.0 = Debug|Any CPU
		{82BD67DA-2EC7-4F5F-8F27-24163C46A92B}.Debug|x64.ActiveCfg = Debug|Any CPU
		{82BD67DA-2EC7-4F5F-8F27-24163C46A92B}.Debug|x64.Build.0 = Debug|Any CPU
		{82BD67DA-2EC7-4F5F-8F27-24163C46A92B}.Debug|x86.ActiveCfg = Debug|Any CPU
		{82BD67DA-2EC7-4F5F-8F27-24163C46A92B}.Debug|x86.Build.0 = Debug|Any CPU
		{82BD67DA-2EC7-4F5F-8F27-24163C46A92B}.Release|Any CPU.ActiveCfg = Release|Any CPU
		{82BD67DA-2EC7-4F5F-8F27-24163C46A92B}.Release|Any CPU.Build.0 = Release|Any CPU
		{82BD67DA-2EC7-4F5F-8F27-24163C46A92B}.Release|x64.ActiveCfg = Release|Any CPU
		{82BD67DA-2EC7-4F5F-8F27-24163C46A92B}.Release|x64.Build.0 = Release|Any CPU
		{82BD67DA-2EC7-4F5F-8F27-24163C46A92B}.Release|x86.ActiveCfg = Release|Any CPU
		{82BD67DA-2EC7-4F5F-8F27-24163C46A92B}.Release|x86.Build.0 = Release|Any CPU
		{C50FAA31-8F5A-4DF8-8E24-EF358B8652CF}.Debug|Any CPU.ActiveCfg = Debug|Any CPU
		{C50FAA31-8F5A-4DF8-8E24-EF358B8652CF}.Debug|Any CPU.Build.0 = Debug|Any CPU
		{C50FAA31-8F5A-4DF8-8E24-EF358B8652CF}.Debug|x64.ActiveCfg = Debug|Any CPU
		{C50FAA31-8F5A-4DF8-8E24-EF358B8652CF}.Debug|x64.Build.0 = Debug|Any CPU
		{C50FAA31-8F5A-4DF8-8E24-EF358B8652CF}.Debug|x86.ActiveCfg = Debug|Any CPU
		{C50FAA31-8F5A-4DF8-8E24-EF358B8652CF}.Debug|x86.Build.0 = Debug|Any CPU
		{C50FAA31-8F5A-4DF8-8E24-EF358B8652CF}.Release|Any CPU.ActiveCfg = Release|Any CPU
		{C50FAA31-8F5A-4DF8-8E24-EF358B8652CF}.Release|Any CPU.Build.0 = Release|Any CPU
		{C50FAA31-8F5A-4DF8-8E24-EF358B8652CF}.Release|x64.ActiveCfg = Release|Any CPU
		{C50FAA31-8F5A-4DF8-8E24-EF358B8652CF}.Release|x64.Build.0 = Release|Any CPU
		{C50FAA31-8F5A-4DF8-8E24-EF358B8652CF}.Release|x86.ActiveCfg = Release|Any CPU
		{C50FAA31-8F5A-4DF8-8E24-EF358B8652CF}.Release|x86.Build.0 = Release|Any CPU
	EndGlobalSection
EndGlobal
